
Microsoft Visual Studio Solution File, Format Version 12.00
# Visual Studio 2013
VisualStudioVersion = 12.0.30723.0
MinimumVisualStudioVersion = 10.0.40219.1
Project("{FAE04EC0-301F-11D3-BF4B-00C04F79EFBC}") = "Eclus.NET.MKO", "Eclus.NET.MKO\Eclus.NET.MKO.csproj", "{B009F6EF-9851-4A40-BE28-5E00F2FD4BB4}"
EndProject
Project("{2150E333-8FDC-42A3-9474-1A3956D46DE8}") = "Tests", "Tests", "{1EE0BB5B-D2A2-4208-915F-3FCC3A1967AF}"
EndProject
Project("{2150E333-8FDC-42A3-9474-1A3956D46DE8}") = "MKO", "MKO", "{0CF4EC8C-51DD-4A20-8761-A63AC5BF0C2A}"
EndProject
Project("{FAE04EC0-301F-11D3-BF4B-00C04F79EFBC}") = "SimpleTest", "SimpleTest\SimpleTest.csproj", "{B3492841-0568-4B75-BB39-C5C3F1DF0CE4}"
EndProject
Project("{FAE04EC0-301F-11D3-BF4B-00C04F79EFBC}") = "Elcus.NET.Util", "Elcus.NET.Util\Elcus.NET.Util.csproj", "{56FC3C7A-07ED-40B4-8429-7489E1F801EB}"
EndProject
Global
	GlobalSection(SolutionConfigurationPlatforms) = preSolution
		Debug|Any CPU = Debug|Any CPU
		Release|Any CPU = Release|Any CPU
	EndGlobalSection
	GlobalSection(ProjectConfigurationPlatforms) = postSolution
		{B009F6EF-9851-4A40-BE28-5E00F2FD4BB4}.Debug|Any CPU.ActiveCfg = Debug|Any CPU
		{B009F6EF-9851-4A40-BE28-5E00F2FD4BB4}.Debug|Any CPU.Build.0 = Debug|Any CPU
		{B009F6EF-9851-4A40-BE28-5E00F2FD4BB4}.Release|Any CPU.ActiveCfg = Release|Any CPU
		{B009F6EF-9851-4A40-BE28-5E00F2FD4BB4}.Release|Any CPU.Build.0 = Release|Any CPU
		{B3492841-0568-4B75-BB39-C5C3F1DF0CE4}.Debug|Any CPU.ActiveCfg = Debug|Any CPU
		{B3492841-0568-4B75-BB39-C5C3F1DF0CE4}.Debug|Any CPU.Build.0 = Debug|Any CPU
		{B3492841-0568-4B75-BB39-C5C3F1DF0CE4}.Release|Any CPU.ActiveCfg = Release|Any CPU
		{B3492841-0568-4B75-BB39-C5C3F1DF0CE4}.Release|Any CPU.Build.0 = Release|Any CPU
		{56FC3C7A-07ED-40B4-8429-7489E1F801EB}.Debug|Any CPU.ActiveCfg = Debug|Any CPU
		{56FC3C7A-07ED-40B4-8429-7489E1F801EB}.Debug|Any CPU.Build.0 = Debug|Any CPU
		{56FC3C7A-07ED-40B4-8429-7489E1F801EB}.Release|Any CPU.ActiveCfg = Release|Any CPU
		{56FC3C7A-07ED-40B4-8429-7489E1F801EB}.Release|Any CPU.Build.0 = Release|Any CPU
	EndGlobalSection
	GlobalSection(SolutionProperties) = preSolution
		HideSolutionNode = FALSE
	EndGlobalSection
	GlobalSection(NestedProjects) = preSolution
		{0CF4EC8C-51DD-4A20-8761-A63AC5BF0C2A} = {1EE0BB5B-D2A2-4208-915F-3FCC3A1967AF}
		{B3492841-0568-4B75-BB39-C5C3F1DF0CE4} = {0CF4EC8C-51DD-4A20-8761-A63AC5BF0C2A}
	EndGlobalSection
EndGlobal
